
Microsoft Visual Studio Solution File, Format Version 12.00
# Visual Studio 2013
VisualStudioVersion = 12.0.31101.0
MinimumVisualStudioVersion = 10.0.40219.1
Project("{FAE04EC0-301F-11D3-BF4B-00C04F79EFBC}") = "02.Persons", "Defining-Classes-Homework\02.Persons.csproj", "{2209BDC6-0C52-43FE-BB1C-49083A329920}"
EndProject
Project("{FAE04EC0-301F-11D3-BF4B-00C04F79EFBC}") = "03.LaptopShop", "03.LaptopShop\03.LaptopShop.csproj", "{42F09E95-910D-4D36-B6C2-9B3F3FCF5082}"
EndProject
Project("{FAE04EC0-301F-11D3-BF4B-00C04F79EFBC}") = "04.PCCatalog", "04.PCCatalog\04.PCCatalog.csproj", "{06A66529-E674-45B6-9519-77362286F8D3}"
EndProject
Global
	GlobalSection(SolutionConfigurationPlatforms) = preSolution
		Debug|Any CPU = Debug|Any CPU
		Release|Any CPU = Release|Any CPU
	EndGlobalSection
	GlobalSection(ProjectConfigurationPlatforms) = postSolution
		{2209BDC6-0C52-43FE-BB1C-49083A329920}.Debug|Any CPU.ActiveCfg = Debug|Any CPU
		{2209BDC6-0C52-43FE-BB1C-49083A329920}.Debug|Any CPU.Build.0 = Debug|Any CPU
		{2209BDC6-0C52-43FE-BB1C-49083A329920}.Release|Any CPU.ActiveCfg = Release|Any CPU
		{2209BDC6-0C52-43FE-BB1C-49083A329920}.Release|Any CPU.Build.0 = Release|Any CPU
		{42F09E95-910D-4D36-B6C2-9B3F3FCF5082}.Debug|Any CPU.ActiveCfg = Debug|Any CPU
		{42F09E95-910D-4D36-B6C2-9B3F3FCF5082}.Debug|Any CPU.Build.0 = Debug|Any CPU
		{42F09E95-910D-4D36-B6C2-9B3F3FCF5082}.Release|Any CPU.ActiveCfg = Release|Any CPU
		{42F09E95-910D-4D36-B6C2-9B3F3FCF5082}.Release|Any CPU.Build.0 = Release|Any CPU
		{06A66529-E674-45B6-9519-77362286F8D3}.Debug|Any CPU.ActiveCfg = Debug|Any CPU
		{06A66529-E674-45B6-9519-77362286F8D3}.Debug|Any CPU.Build.0 = Debug|Any CPU
		{06A66529-E674-45B6-9519-77362286F8D3}.Release|Any CPU.ActiveCfg = Release|Any CPU
		{06A66529-E674-45B6-9519-77362286F8D3}.Release|Any CPU.Build.0 = Release|Any CPU
	EndGlobalSection
	GlobalSection(SolutionProperties) = preSolution
		HideSolutionNode = FALSE
	EndGlobalSection
EndGlobal
